
Microsoft Visual Studio Solution File, Format Version 12.00
# Visual Studio 15
VisualStudioVersion = 15.0.28010.2041
MinimumVisualStudioVersion = 10.0.40219.1
Project("{FAE04EC0-301F-11D3-BF4B-00C04F79EFBC}") = "DemoRESTServiceCRUD", "DemoRESTServiceCRUD\DemoRESTServiceCRUD.csproj", "{068C714C-4FDD-4B10-8607-8FCE5E32B471}"
EndProject
Global
	GlobalSection(SolutionConfigurationPlatforms) = preSolution
		Debug|Any CPU = Debug|Any CPU
		Release|Any CPU = Release|Any CPU
	EndGlobalSection
	GlobalSection(ProjectConfigurationPlatforms) = postSolution
		{068C714C-4FDD-4B10-8607-8FCE5E32B471}.Debug|Any CPU.ActiveCfg = Debug|Any CPU
		{068C714C-4FDD-4B10-8607-8FCE5E32B471}.Debug|Any CPU.Build.0 = Debug|Any CPU
		{068C714C-4FDD-4B10-8607-8FCE5E32B471}.Release|Any CPU.ActiveCfg = Release|Any CPU
		{068C714C-4FDD-4B10-8607-8FCE5E32B471}.Release|Any CPU.Build.0 = Release|Any CPU
	EndGlobalSection
	GlobalSection(SolutionProperties) = preSolution
		HideSolutionNode = FALSE
	EndGlobalSection
	GlobalSection(ExtensibilityGlobals) = postSolution
		SolutionGuid = {EA81EBD0-6E0C-4E65-B8BE-765E7B71C12C}
	EndGlobalSection
EndGlobal
